// !$*UTF8*$!
{
	archiveVersion = 1;
	classes = {
	};
	objectVersion = 50;
	objects = {

/* Begin PBXBuildFile section */
		184960B423D807DD003FFB8C /* Article.swift in Sources */ = {isa = PBXBuildFile; fileRef = 184960B323D807DD003FFB8C /* Article.swift */; };
		184960B623D80952003FFB8C /* DataManager.swift in Sources */ = {isa = PBXBuildFile; fileRef = 184960B523D80952003FFB8C /* DataManager.swift */; };
		184960B923D80B5E003FFB8C /* ArticleViewModel.swift in Sources */ = {isa = PBXBuildFile; fileRef = 184960B823D80B5E003FFB8C /* ArticleViewModel.swift */; };
		184960BB23D80E28003FFB8C /* Main.storyboard in Resources */ = {isa = PBXBuildFile; fileRef = 184960BA23D80E28003FFB8C /* Main.storyboard */; };
		184960BE23D81069003FFB8C /* HeadlineTableCell.swift in Sources */ = {isa = PBXBuildFile; fileRef = 184960BD23D81069003FFB8C /* HeadlineTableCell.swift */; };
		18E61F9323CF9471006DD0A9 /* AppDelegate.swift in Sources */ = {isa = PBXBuildFile; fileRef = 18E61F9223CF9471006DD0A9 /* AppDelegate.swift */; };
		18E61F9C23CF9473006DD0A9 /* Assets.xcassets in Resources */ = {isa = PBXBuildFile; fileRef = 18E61F9B23CF9473006DD0A9 /* Assets.xcassets */; };
		18E61F9F23CF9473006DD0A9 /* LaunchScreen.storyboard in Resources */ = {isa = PBXBuildFile; fileRef = 18E61F9D23CF9473006DD0A9 /* LaunchScreen.storyboard */; };
		18E61FA723CF961D006DD0A9 /* HeadlinesController.swift in Sources */ = {isa = PBXBuildFile; fileRef = 18E61FA623CF961D006DD0A9 /* HeadlinesController.swift */; };
		18E61FAB23CF97E5006DD0A9 /* NetworkManager.swift in Sources */ = {isa = PBXBuildFile; fileRef = 18E61FAA23CF97E5006DD0A9 /* NetworkManager.swift */; };
/* End PBXBuildFile section */

/* Begin PBXFileReference section */
		184960B323D807DD003FFB8C /* Article.swift */ = {isa = PBXFileReference; lastKnownFileType = sourcecode.swift; path = Article.swift; sourceTree = "<group>"; };
		184960B523D80952003FFB8C /* DataManager.swift */ = {isa = PBXFileReference; lastKnownFileType = sourcecode.swift; path = DataManager.swift; sourceTree = "<group>"; };
		184960B823D80B5E003FFB8C /* ArticleViewModel.swift */ = {isa = PBXFileReference; lastKnownFileType = sourcecode.swift; path = ArticleViewModel.swift; sourceTree = "<group>"; };
		184960BA23D80E28003FFB8C /* Main.storyboard */ = {isa = PBXFileReference; lastKnownFileType = file.storyboard; path = Main.storyboard; sourceTree = "<group>"; };
		184960BD23D81069003FFB8C /* HeadlineTableCell.swift */ = {isa = PBXFileReference; lastKnownFileType = sourcecode.swift; path = HeadlineTableCell.swift; sourceTree = "<group>"; };
		18E61F8F23CF9471006DD0A9 /* GoodNews.app */ = {isa = PBXFileReference; explicitFileType = wrapper.application; includeInIndex = 0; path = GoodNews.app; sourceTree = BUILT_PRODUCTS_DIR; };
		18E61F9223CF9471006DD0A9 /* AppDelegate.swift */ = {isa = PBXFileReference; lastKnownFileType = sourcecode.swift; path = AppDelegate.swift; sourceTree = "<group>"; };
		18E61F9B23CF9473006DD0A9 /* Assets.xcassets */ = {isa = PBXFileReference; lastKnownFileType = folder.assetcatalog; path = Assets.xcassets; sourceTree = "<group>"; };
		18E61F9E23CF9473006DD0A9 /* Base */ = {isa = PBXFileReference; lastKnownFileType = file.storyboard; name = Base; path = Base.lproj/LaunchScreen.storyboard; sourceTree = "<group>"; };
		18E61FA023CF9473006DD0A9 /* Info.plist */ = {isa = PBXFileReference; lastKnownFileType = text.plist.xml; path = Info.plist; sourceTree = "<group>"; };
		18E61FA623CF961D006DD0A9 /* HeadlinesController.swift */ = {isa = PBXFileReference; lastKnownFileType = sourcecode.swift; path = HeadlinesController.swift; sourceTree = "<group>"; };
		18E61FAA23CF97E5006DD0A9 /* NetworkManager.swift */ = {isa = PBXFileReference; fileEncoding = 4; lastKnownFileType = sourcecode.swift; name = NetworkManager.swift; path = ../../../../../../../../Desktop/NetworkManager.swift; sourceTree = "<group>"; };
/* End PBXFileReference section */

/* Begin PBXFrameworksBuildPhase section */
		18E61F8C23CF9471006DD0A9 /* Frameworks */ = {
			isa = PBXFrameworksBuildPhase;
			buildActionMask = 2147483647;
			files = (
			);
			runOnlyForDeploymentPostprocessing = 0;
		};
/* End PBXFrameworksBuildPhase section */

/* Begin PBXGroup section */
		184960B223D807C9003FFB8C /* Model */ = {
			isa = PBXGroup;
			children = (
				184960B323D807DD003FFB8C /* Article.swift */,
			);
			path = Model;
			sourceTree = "<group>";
		};
		184960B723D80B42003FFB8C /* ViewModel */ = {
			isa = PBXGroup;
			children = (
				184960B823D80B5E003FFB8C /* ArticleViewModel.swift */,
			);
			path = ViewModel;
			sourceTree = "<group>";
		};
		184960BC23D8104D003FFB8C /* Cells */ = {
			isa = PBXGroup;
			children = (
				184960BD23D81069003FFB8C /* HeadlineTableCell.swift */,
			);
			path = Cells;
			sourceTree = "<group>";
		};
		18E61F8623CF9471006DD0A9 = {
			isa = PBXGroup;
			children = (
				18E61F9123CF9471006DD0A9 /* GoodNews */,
				18E61F9023CF9471006DD0A9 /* Products */,
			);
			sourceTree = "<group>";
		};
		18E61F9023CF9471006DD0A9 /* Products */ = {
			isa = PBXGroup;
			children = (
				18E61F8F23CF9471006DD0A9 /* GoodNews.app */,
			);
			name = Products;
			sourceTree = "<group>";
		};
		18E61F9123CF9471006DD0A9 /* GoodNews */ = {
			isa = PBXGroup;
			children = (
				184960BC23D8104D003FFB8C /* Cells */,
				184960B723D80B42003FFB8C /* ViewModel */,
				184960B223D807C9003FFB8C /* Model */,
				18E61FA923CF97D9006DD0A9 /* Manager */,
				18E61F9223CF9471006DD0A9 /* AppDelegate.swift */,
				18E61F9B23CF9473006DD0A9 /* Assets.xcassets */,
				18E61F9D23CF9473006DD0A9 /* LaunchScreen.storyboard */,
				18E61FA023CF9473006DD0A9 /* Info.plist */,
				18E61FA823CF97C9006DD0A9 /* Controller */,
				184960B523D80952003FFB8C /* DataManager.swift */,
				184960BA23D80E28003FFB8C /* Main.storyboard */,
			);
			path = GoodNews;
			sourceTree = "<group>";
		};
		18E61FA823CF97C9006DD0A9 /* Controller */ = {
			isa = PBXGroup;
			children = (
				18E61FA623CF961D006DD0A9 /* HeadlinesController.swift */,
			);
			path = Controller;
			sourceTree = "<group>";
		};
		18E61FA923CF97D9006DD0A9 /* Manager */ = {
			isa = PBXGroup;
			children = (
				18E61FAA23CF97E5006DD0A9 /* NetworkManager.swift */,
			);
			path = Manager;
			sourceTree = "<group>";
		};
/* End PBXGroup section */

/* Begin PBXNativeTarget section */
		18E61F8E23CF9471006DD0A9 /* GoodNews */ = {
			isa = PBXNativeTarget;
			buildConfigurationList = 18E61FA323CF9473006DD0A9 /* Build configuration list for PBXNativeTarget "GoodNews" */;
			buildPhases = (
				18E61F8B23CF9471006DD0A9 /* Sources */,
				18E61F8C23CF9471006DD0A9 /* Frameworks */,
				18E61F8D23CF9471006DD0A9 /* Resources */,
			);
			buildRules = (
			);
			dependencies = (
			);
			name = GoodNews;
			productName = GoodNews;
			productReference = 18E61F8F23CF9471006DD0A9 /* GoodNews.app */;
			productType = "com.apple.product-type.application";
		};
/* End PBXNativeTarget section */

/* Begin PBXProject section */
		18E61F8723CF9471006DD0A9 /* Project object */ = {
			isa = PBXProject;
			attributes = {
				LastSwiftUpdateCheck = 1130;
				LastUpgradeCheck = 1130;
				ORGANIZATIONNAME = "Nitin A";
				TargetAttributes = {
					18E61F8E23CF9471006DD0A9 = {
						CreatedOnToolsVersion = 11.3.1;
					};
				};
			};
			buildConfigurationList = 18E61F8A23CF9471006DD0A9 /* Build configuration list for PBXProject "GoodNews" */;
			compatibilityVersion = "Xcode 9.3";
			developmentRegion = en;
			hasScannedForEncodings = 0;
			knownRegions = (
				en,
				Base,
			);
			mainGroup = 18E61F8623CF9471006DD0A9;
			productRefGroup = 18E61F9023CF9471006DD0A9 /* Products */;
			projectDirPath = "";
			projectRoot = "";
			targets = (
				18E61F8E23CF9471006DD0A9 /* GoodNews */,
			);
		};
/* End PBXProject section */

/* Begin PBXResourcesBuildPhase section */
		18E61F8D23CF9471006DD0A9 /* Resources */ = {
			isa = PBXResourcesBuildPhase;
			buildActionMask = 2147483647;
			files = (
				184960BB23D80E28003FFB8C /* Main.storyboard in Resources */,
				18E61F9F23CF9473006DD0A9 /* LaunchScreen.storyboard in Resources */,
				18E61F9C23CF9473006DD0A9 /* Assets.xcassets in Resources */,
			);
			runOnlyForDeploymentPostprocessing = 0;
		};
/* End PBXResourcesBuildPhase section */

/* Begin PBXSourcesBuildPhase section */
		18E61F8B23CF9471006DD0A9 /* Sources */ = {
			isa = PBXSourcesBuildPhase;
			buildActionMask = 2147483647;
			files = (
				184960B423D807DD003FFB8C /* Article.swift in Sources */,
				184960B623D80952003FFB8C /* DataManager.swift in Sources */,
				18E61FA723CF961D006DD0A9 /* HeadlinesController.swift in Sources */,
				184960B923D80B5E003FFB8C /* ArticleViewModel.swift in Sources */,
				184960BE23D81069003FFB8C /* HeadlineTableCell.swift in Sources */,
				18E61FAB23CF97E5006DD0A9 /* NetworkManager.swift in Sources */,
				18E61F9323CF9471006DD0A9 /* AppDelegate.swift in Sources */,
			);
			runOnlyForDeploymentPostprocessing = 0;
		};
/* End PBXSourcesBuildPhase section */

/* Begin PBXVariantGroup section */
		18E61F9D23CF9473006DD0A9 /* LaunchScreen.storyboard */ = {
			isa = PBXVariantGroup;
			children = (
				18E61F9E23CF9473006DD0A9 /* Base */,
			);
			name = LaunchScreen.storyboard;
			sourceTree = "<group>";
		};
/* End PBXVariantGroup section */

/* Begin XCBuildConfiguration section */
		18E61FA123CF9473006DD0A9 /* Debug */ = {
			isa = XCBuildConfiguration;
			buildSettings = {
				ALWAYS_SEARCH_USER_PATHS = NO;
				CLANG_ANALYZER_NONNULL = YES;
				CLANG_ANALYZER_NUMBER_OBJECT_CONVERSION = YES_AGGRESSIVE;
				CLANG_CXX_LANGUAGE_STANDARD = "gnu++14";
				CLANG_CXX_LIBRARY = "libc++";
				CLANG_ENABLE_MODULES = YES;
				CLANG_ENABLE_OBJC_ARC = YES;
				CLANG_ENABLE_OBJC_WEAK = YES;
				CLANG_WARN_BLOCK_CAPTURE_AUTORELEASING = YES;
				CLANG_WARN_BOOL_CONVERSION = YES;
				CLANG_WARN_COMMA = YES;
				CLANG_WARN_CONSTANT_CONVERSION = YES;
				CLANG_WARN_DEPRECATED_OBJC_IMPLEMENTATIONS = YES;
				CLANG_WARN_DIRECT_OBJC_ISA_USAGE = YES_ERROR;
				CLANG_WARN_DOCUMENTATION_COMMENTS = YES;
				CLANG_WARN_EMPTY_BODY = YES;
				CLANG_WARN_ENUM_CONVERSION = YES;
				CLANG_WARN_INFINITE_RECURSION = YES;
				CLANG_WARN_INT_CONVERSION = YES;
				CLANG_WARN_NON_LITERAL_NULL_CONVERSION = YES;
				CLANG_WARN_OBJC_IMPLICIT_RETAIN_SELF = YES;
				CLANG_WARN_OBJC_LITERAL_CONVERSION = YES;
				CLANG_WARN_OBJC_ROOT_CLASS = YES_ERROR;
				CLANG_WARN_RANGE_LOOP_ANALYSIS = YES;
				CLANG_WARN_STRICT_PROTOTYPES = YES;
				CLANG_WARN_SUSPICIOUS_MOVE = YES;
				CLANG_WARN_UNGUARDED_AVAILABILITY = YES_AGGRESSIVE;
				CLANG_WARN_UNREACHABLE_CODE = YES;
				CLANG_WARN__DUPLICATE_METHOD_MATCH = YES;
				COPY_PHASE_STRIP = NO;
				DEBUG_INFORMATION_FORMAT = dwarf;
				ENABLE_STRICT_OBJC_MSGSEND = YES;
				ENABLE_TESTABILITY = YES;
				GCC_C_LANGUAGE_STANDARD = gnu11;
				GCC_DYNAMIC_NO_PIC = NO;
				GCC_NO_COMMON_BLOCKS = YES;
				GCC_OPTIMIZATION_LEVEL = 0;
				GCC_PREPROCESSOR_DEFINITIONS = (
					"DEBUG=1",
					"$(inherited)",
				);
				GCC_WARN_64_TO_32_BIT_CONVERSION = YES;
				GCC_WARN_ABOUT_RETURN_TYPE = YES_ERROR;
				GCC_WARN_UNDECLARED_SELECTOR = YES;
				GCC_WARN_UNINITIALIZED_AUTOS = YES_AGGRESSIVE;
				GCC_WARN_UNUSED_FUNCTION = YES;
				GCC_WARN_UNUSED_VARIABLE = YES;
				IPHONEOS_DEPLOYMENT_TARGET = 13.2;
				MTL_ENABLE_DEBUG_INFO = INCLUDE_SOURCE;
				MTL_FAST_MATH = YES;
				ONLY_ACTIVE_ARCH = YES;
				SDKROOT = iphoneos;
				SWIFT_ACTIVE_COMPILATION_CONDITIONS = DEBUG;
				SWIFT_OPTIMIZATION_LEVEL = "-Onone";
			};
			name = Debug;
		};
		18E61FA223CF9473006DD0A9 /* Release */ = {
			isa = XCBuildConfiguration;
			buildSettings = {
				ALWAYS_SEARCH_USER_PATHS = NO;
				CLANG_ANALYZER_NONNULL = YES;
				CLANG_ANALYZER_NUMBER_OBJECT_CONVERSION = YES_AGGRESSIVE;
				CLANG_CXX_LANGUAGE_STANDARD = "gnu++14";
				CLANG_CXX_LIBRARY = "libc++";
				CLANG_ENABLE_MODULES = YES;
				CLANG_ENABLE_OBJC_ARC = YES;
				CLANG_ENABLE_OBJC_WEAK = YES;
				CLANG_WARN_BLOCK_CAPTURE_AUTORELEASING = YES;
				CLANG_WARN_BOOL_CONVERSION = YES;
				CLANG_WARN_COMMA = YES;
				CLANG_WARN_CONSTANT_CONVERSION = YES;
				CLANG_WARN_DEPRECATED_OBJC_IMPLEMENTATIONS = YES;
				CLANG_WARN_DIRECT_OBJC_ISA_USAGE = YES_ERROR;
				CLANG_WARN_DOCUMENTATION_COMMENTS = YES;
				CLANG_WARN_EMPTY_BODY = YES;
				CLANG_WARN_ENUM_CONVERSION = YES;
				CLANG_WARN_INFINITE_RECURSION = YES;
				CLANG_WARN_INT_CONVERSION = YES;
				CLANG_WARN_NON_LITERAL_NULL_CONVERSION = YES;
				CLANG_WARN_OBJC_IMPLICIT_RETAIN_SELF = YES;
				CLANG_WARN_OBJC_LITERAL_CONVERSION = YES;
				CLANG_WARN_OBJC_ROOT_CLASS = YES_ERROR;
				CLANG_WARN_RANGE_LOOP_ANALYSIS = YES;
				CLANG_WARN_STRICT_PROTOTYPES = YES;
				CLANG_WARN_SUSPICIOUS_MOVE = YES;
				CLANG_WARN_UNGUARDED_AVAILABILITY = YES_AGGRESSIVE;
				CLANG_WARN_UNREACHABLE_CODE = YES;
				CLANG_WARN__DUPLICATE_METHOD_MATCH = YES;
				COPY_PHASE_STRIP = NO;
				DEBUG_INFORMATION_FORMAT = "dwarf-with-dsym";
				ENABLE_NS_ASSERTIONS = NO;
				ENABLE_STRICT_OBJC_MSGSEND = YES;
				GCC_C_LANGUAGE_STANDARD = gnu11;
				GCC_NO_COMMON_BLOCKS = YES;
				GCC_WARN_64_TO_32_BIT_CONVERSION = YES;
				GCC_WARN_ABOUT_RETURN_TYPE = YES_ERROR;
				GCC_WARN_UNDECLARED_SELECTOR = YES;
				GCC_WARN_UNINITIALIZED_AUTOS = YES_AGGRESSIVE;
				GCC_WARN_UNUSED_FUNCTION = YES;
				GCC_WARN_UNUSED_VARIABLE = YES;
				IPHONEOS_DEPLOYMENT_TARGET = 13.2;
				MTL_ENABLE_DEBUG_INFO = NO;
				MTL_FAST_MATH = YES;
				SDKROOT = iphoneos;
				SWIFT_COMPILATION_MODE = wholemodule;
				SWIFT_OPTIMIZATION_LEVEL = "-O";
				VALIDATE_PRODUCT = YES;
			};
			name = Release;
		};
		18E61FA423CF9473006DD0A9 /* Debug */ = {
			isa = XCBuildConfiguration;
			buildSettings = {
				ASSETCATALOG_COMPILER_APPICON_NAME = AppIcon;
				CODE_SIGN_STYLE = Automatic;
				DEVELOPMENT_TEAM = N9CP8CEZY9;
				INFOPLIST_FILE = GoodNews/Info.plist;
				IPHONEOS_DEPLOYMENT_TARGET = 12.0;
				LD_RUNPATH_SEARCH_PATHS = (
					"$(inherited)",
					"@executable_path/Frameworks",
				);
				PRODUCT_BUNDLE_IDENTIFIER = com.app.demo.GoodNews;
				PRODUCT_NAME = "$(TARGET_NAME)";
				SWIFT_VERSION = 5.0;
				TARGETED_DEVICE_FAMILY = 1;
			};
			name = Debug;
		};
		18E61FA523CF9473006DD0A9 /* Release */ = {
			isa = XCBuildConfiguration;
			buildSettings = {
				ASSETCATALOG_COMPILER_APPICON_NAME = AppIcon;
				CODE_SIGN_STYLE = Automatic;
				DEVELOPMENT_TEAM = N9CP8CEZY9;
				INFOPLIST_FILE = GoodNews/Info.plist;
				IPHONEOS_DEPLOYMENT_TARGET = 12.0;
				LD_RUNPATH_SEARCH_PATHS = (
					"$(inherited)",
					"@executable_path/Frameworks",
				);
				PRODUCT_BUNDLE_IDENTIFIER = com.app.demo.GoodNews;
				PRODUCT_NAME = "$(TARGET_NAME)";
				SWIFT_VERSION = 5.0;
				TARGETED_DEVICE_FAMILY = 1;
			};
			name = Release;
		};
/* End XCBuildConfiguration section */

/* Begin XCConfigurationList section */
		18E61F8A23CF9471006DD0A9 /* Build configuration list for PBXProject "GoodNews" */ = {
			isa = XCConfigurationList;
			buildConfigurations = (
				18E61FA123CF9473006DD0A9 /* Debug */,
				18E61FA223CF9473006DD0A9 /* Release */,
			);
			defaultConfigurationIsVisible = 0;
			defaultConfigurationName = Release;
		};
		18E61FA323CF9473006DD0A9 /* Build configuration list for PBXNativeTarget "GoodNews" */ = {
			isa = XCConfigurationList;
			buildConfigurations = (
				18E61FA423CF9473006DD0A9 /* Debug */,
				18E61FA523CF9473006DD0A9 /* Release */,
			);
			defaultConfigurationIsVisible = 0;
			defaultConfigurationName = Release;
		};
/* End XCConfigurationList section */
	};
	rootObject = 18E61F8723CF9471006DD0A9 /* Project object */;
}
